
Microsoft Visual Studio Solution File, Format Version 12.00
# Visual Studio 15
VisualStudioVersion = 15.0.27428.2027
MinimumVisualStudioVersion = 10.0.40219.1
Project("{FAE04EC0-301F-11D3-BF4B-00C04F79EFBC}") = "Klient", "Klient\Klient.csproj", "{CA49D35A-7E7C-4E4B-9044-D9131703FDEA}"
EndProject
Global
	GlobalSection(SolutionConfigurationPlatforms) = preSolution
		Debug|Any CPU = Debug|Any CPU
		Release|Any CPU = Release|Any CPU
	EndGlobalSection
	GlobalSection(ProjectConfigurationPlatforms) = postSolution
		{CA49D35A-7E7C-4E4B-9044-D9131703FDEA}.Debug|Any CPU.ActiveCfg = Debug|Any CPU
		{CA49D35A-7E7C-4E4B-9044-D9131703FDEA}.Debug|Any CPU.Build.0 = Debug|Any CPU
		{CA49D35A-7E7C-4E4B-9044-D9131703FDEA}.Release|Any CPU.ActiveCfg = Release|Any CPU
		{CA49D35A-7E7C-4E4B-9044-D9131703FDEA}.Release|Any CPU.Build.0 = Release|Any CPU
	EndGlobalSection
	GlobalSection(SolutionProperties) = preSolution
		HideSolutionNode = FALSE
	EndGlobalSection
	GlobalSection(ExtensibilityGlobals) = postSolution
		SolutionGuid = {8D9910BF-631A-48DE-A255-EB2FECB1B505}
	EndGlobalSection
EndGlobal
